PODS:
  - SQLite.swift (0.9.2)

DEPENDENCIES:
  - SQLite.swift (from `https://github.com/stephencelis/SQLite.swift.git`)

EXTERNAL SOURCES:
  SQLite.swift:
    :git: https://github.com/stephencelis/SQLite.swift.git

CHECKOUT OPTIONS:
  SQLite.swift:
    :commit: d304343f5e9243d17197365d4ce8249e9b7ce84e
    :git: https://github.com/stephencelis/SQLite.swift.git

SPEC CHECKSUMS:
  SQLite.swift: 5dca22dbf6634fdb9c3270fae9491830804e9b2d

COCOAPODS: 0.39.0
