// !$*UTF8*$!
{
	archiveVersion = 1;
	classes = {
	};
	objectVersion = 46;
	objects = {

/* Begin PBXBuildFile section */
		112D75939904BEC695A9E836 /* Pods_WhichBGTests.framework in Frameworks */ = {isa = PBXBuildFile; fileRef = A08F11322E3A4CC940F24919 /* Pods_WhichBGTests.framework */; };
		5A31B6691B6EB3EF00FBDF47 /* Core.swift in Sources */ = {isa = PBXBuildFile; fileRef = 5A31B6681B6EB3EF00FBDF47 /* Core.swift */; };
		5A31B66C1B6ED08600FBDF47 /* DesktopPictureViewController.swift in Sources */ = {isa = PBXBuildFile; fileRef = 5A31B66A1B6ED08600FBDF47 /* DesktopPictureViewController.swift */; };
		5A31B66D1B6ED08600FBDF47 /* DesktopPictureViewController.xib in Resources */ = {isa = PBXBuildFile; fileRef = 5A31B66B1B6ED08600FBDF47 /* DesktopPictureViewController.xib */; };
		5A31B66F1B71679400FBDF47 /* GlobalEventMonitor.swift in Sources */ = {isa = PBXBuildFile; fileRef = 5A31B66E1B71679400FBDF47 /* GlobalEventMonitor.swift */; };
		5AF597991B355D0500F8CA82 /* AppDelegate.swift in Sources */ = {isa = PBXBuildFile; fileRef = 5AF597981B355D0500F8CA82 /* AppDelegate.swift */; };
		5AF5979D1B355D0500F8CA82 /* Images.xcassets in Resources */ = {isa = PBXBuildFile; fileRef = 5AF5979C1B355D0500F8CA82 /* Images.xcassets */; };
		5AF597AC1B355D0500F8CA82 /* WhichBGTests.swift in Sources */ = {isa = PBXBuildFile; fileRef = 5AF597AB1B355D0500F8CA82 /* WhichBGTests.swift */; };
		5AF597B81B35745200F8CA82 /* main.swift in Sources */ = {isa = PBXBuildFile; fileRef = 5AF597B71B35745200F8CA82 /* main.swift */; };
		B833943011A10EE0955AE5C2 /* Pods_WhichBG.framework in Frameworks */ = {isa = PBXBuildFile; fileRef = 4F491F0558149F19756BF08C /* Pods_WhichBG.framework */; };
/* End PBXBuildFile section */

/* Begin PBXContainerItemProxy section */
		5AF597A61B355D0500F8CA82 /* PBXContainerItemProxy */ = {
			isa = PBXContainerItemProxy;
			containerPortal = 5AF5978B1B355D0500F8CA82 /* Project object */;
			proxyType = 1;
			remoteGlobalIDString = 5AF597921B355D0500F8CA82;
			remoteInfo = WhichBG;
		};
/* End PBXContainerItemProxy section */

/* Begin PBXFileReference section */
		201B6576E66F391257D43465 /* Pods-WhichBGTests.release.xcconfig */ = {isa = PBXFileReference; includeInIndex = 1; lastKnownFileType = text.xcconfig; name = "Pods-WhichBGTests.release.xcconfig"; path = "Pods/Target Support Files/Pods-WhichBGTests/Pods-WhichBGTests.release.xcconfig"; sourceTree = "<group>"; };
		2A97B5333C8353676B363A14 /* Pods-WhichBG.release.xcconfig */ = {isa = PBXFileReference; includeInIndex = 1; lastKnownFileType = text.xcconfig; name = "Pods-WhichBG.release.xcconfig"; path = "Pods/Target Support Files/Pods-WhichBG/Pods-WhichBG.release.xcconfig"; sourceTree = "<group>"; };
		4F491F0558149F19756BF08C /* Pods_WhichBG.framework */ = {isa = PBXFileReference; explicitFileType = wrapper.framework; includeInIndex = 0; path = Pods_WhichBG.framework; sourceTree = BUILT_PRODUCTS_DIR; };
		5A31B6681B6EB3EF00FBDF47 /* Core.swift */ = {isa = PBXFileReference; fileEncoding = 4; lastKnownFileType = sourcecode.swift; path = Core.swift; sourceTree = "<group>"; };
		5A31B66A1B6ED08600FBDF47 /* DesktopPictureViewController.swift */ = {isa = PBXFileReference; fileEncoding = 4; lastKnownFileType = sourcecode.swift; path = DesktopPictureViewController.swift; sourceTree = "<group>"; };
		5A31B66B1B6ED08600FBDF47 /* DesktopPictureViewController.xib */ = {isa = PBXFileReference; fileEncoding = 4; lastKnownFileType = file.xib; path = DesktopPictureViewController.xib; sourceTree = "<group>"; };
		5A31B66E1B71679400FBDF47 /* GlobalEventMonitor.swift */ = {isa = PBXFileReference; fileEncoding = 4; lastKnownFileType = sourcecode.swift; path = GlobalEventMonitor.swift; sourceTree = "<group>"; };
		5AF597931B355D0500F8CA82 /* WhichBG.app */ = {isa = PBXFileReference; explicitFileType = wrapper.application; includeInIndex = 0; path = WhichBG.app; sourceTree = BUILT_PRODUCTS_DIR; };
		5AF597971B355D0500F8CA82 /* Info.plist */ = {isa = PBXFileReference; lastKnownFileType = text.plist.xml; path = Info.plist; sourceTree = "<group>"; };
		5AF597981B355D0500F8CA82 /* AppDelegate.swift */ = {isa = PBXFileReference; lastKnownFileType = sourcecode.swift; path = AppDelegate.swift; sourceTree = "<group>"; };
		5AF5979C1B355D0500F8CA82 /* Images.xcassets */ = {isa = PBXFileReference; lastKnownFileType = folder.assetcatalog; path = Images.xcassets; sourceTree = "<group>"; };
		5AF597A51B355D0500F8CA82 /* WhichBGTests.xctest */ = {isa = PBXFileReference; explicitFileType = wrapper.cfbundle; includeInIndex = 0; path = WhichBGTests.xctest; sourceTree = BUILT_PRODUCTS_DIR; };
		5AF597AA1B355D0500F8CA82 /* Info.plist */ = {isa = PBXFileReference; lastKnownFileType = text.plist.xml; path = Info.plist; sourceTree = "<group>"; };
		5AF597AB1B355D0500F8CA82 /* WhichBGTests.swift */ = {isa = PBXFileReference; lastKnownFileType = sourcecode.swift; path = WhichBGTests.swift; sourceTree = "<group>"; };
		5AF597B71B35745200F8CA82 /* main.swift */ = {isa = PBXFileReference; fileEncoding = 4; lastKnownFileType = sourcecode.swift; path = main.swift; sourceTree = "<group>"; };
		61C94A620C9ABB502E6FA181 /* Pods-WhichBG.debug.xcconfig */ = {isa = PBXFileReference; includeInIndex = 1; lastKnownFileType = text.xcconfig; name = "Pods-WhichBG.debug.xcconfig"; path = "Pods/Target Support Files/Pods-WhichBG/Pods-WhichBG.debug.xcconfig"; sourceTree = "<group>"; };
		A08F11322E3A4CC940F24919 /* Pods_WhichBGTests.framework */ = {isa = PBXFileReference; explicitFileType = wrapper.framework; includeInIndex = 0; path = Pods_WhichBGTests.framework; sourceTree = BUILT_PRODUCTS_DIR; };
		D888DCDE61AE00C355B22BE6 /* Pods-WhichBGTests.debug.xcconfig */ = {isa = PBXFileReference; includeInIndex = 1; lastKnownFileType = text.xcconfig; name = "Pods-WhichBGTests.debug.xcconfig"; path = "Pods/Target Support Files/Pods-WhichBGTests/Pods-WhichBGTests.debug.xcconfig"; sourceTree = "<group>"; };
/* End PBXFileReference section */

/* Begin PBXFrameworksBuildPhase section */
		5AF597901B355D0500F8CA82 /* Frameworks */ = {
			isa = PBXFrameworksBuildPhase;
			buildActionMask = 2147483647;
			files = (
				B833943011A10EE0955AE5C2 /* Pods_WhichBG.framework in Frameworks */,
			);
			runOnlyForDeploymentPostprocessing = 0;
		};
		5AF597A21B355D0500F8CA82 /* Frameworks */ = {
			isa = PBXFrameworksBuildPhase;
			buildActionMask = 2147483647;
			files = (
				112D75939904BEC695A9E836 /* Pods_WhichBGTests.framework in Frameworks */,
			);
			runOnlyForDeploymentPostprocessing = 0;
		};
/* End PBXFrameworksBuildPhase section */

/* Begin PBXGroup section */
		3D4CE6A1EE758FEC0F719182 /* Pods */ = {
			isa = PBXGroup;
			children = (
				61C94A620C9ABB502E6FA181 /* Pods-WhichBG.debug.xcconfig */,
				2A97B5333C8353676B363A14 /* Pods-WhichBG.release.xcconfig */,
				D888DCDE61AE00C355B22BE6 /* Pods-WhichBGTests.debug.xcconfig */,
				201B6576E66F391257D43465 /* Pods-WhichBGTests.release.xcconfig */,
			);
			name = Pods;
			sourceTree = "<group>";
		};
		5AF5978A1B355D0500F8CA82 = {
			isa = PBXGroup;
			children = (
				5AF597951B355D0500F8CA82 /* WhichBG */,
				5AF597A81B355D0500F8CA82 /* WhichBGTests */,
				5AF597941B355D0500F8CA82 /* Products */,
				3D4CE6A1EE758FEC0F719182 /* Pods */,
				77C84CB7CE7F026798664526 /* Frameworks */,
			);
			sourceTree = "<group>";
		};
		5AF597941B355D0500F8CA82 /* Products */ = {
			isa = PBXGroup;
			children = (
				5AF597931B355D0500F8CA82 /* WhichBG.app */,
				5AF597A51B355D0500F8CA82 /* WhichBGTests.xctest */,
			);
			name = Products;
			sourceTree = "<group>";
		};
		5AF597951B355D0500F8CA82 /* WhichBG */ = {
			isa = PBXGroup;
			children = (
				5AF597981B355D0500F8CA82 /* AppDelegate.swift */,
				5A31B66A1B6ED08600FBDF47 /* DesktopPictureViewController.swift */,
				5A31B66B1B6ED08600FBDF47 /* DesktopPictureViewController.xib */,
				5AF5979C1B355D0500F8CA82 /* Images.xcassets */,
				5AF597961B355D0500F8CA82 /* Supporting Files */,
				5AF597B71B35745200F8CA82 /* main.swift */,
				5A31B6681B6EB3EF00FBDF47 /* Core.swift */,
				5A31B66E1B71679400FBDF47 /* GlobalEventMonitor.swift */,
			);
			path = WhichBG;
			sourceTree = "<group>";
		};
		5AF597961B355D0500F8CA82 /* Supporting Files */ = {
			isa = PBXGroup;
			children = (
				5AF597971B355D0500F8CA82 /* Info.plist */,
			);
			name = "Supporting Files";
			sourceTree = "<group>";
		};
		5AF597A81B355D0500F8CA82 /* WhichBGTests */ = {
			isa = PBXGroup;
			children = (
				5AF597AB1B355D0500F8CA82 /* WhichBGTests.swift */,
				5AF597A91B355D0500F8CA82 /* Supporting Files */,
			);
			path = WhichBGTests;
			sourceTree = "<group>";
		};
		5AF597A91B355D0500F8CA82 /* Supporting Files */ = {
			isa = PBXGroup;
			children = (
				5AF597AA1B355D0500F8CA82 /* Info.plist */,
			);
			name = "Supporting Files";
			sourceTree = "<group>";
		};
		77C84CB7CE7F026798664526 /* Frameworks */ = {
			isa = PBXGroup;
			children = (
				4F491F0558149F19756BF08C /* Pods_WhichBG.framework */,
				A08F11322E3A4CC940F24919 /* Pods_WhichBGTests.framework */,
			);
			name = Frameworks;
			sourceTree = "<group>";
		};
/* End PBXGroup section */

/* Begin PBXNativeTarget section */
		5AF597921B355D0500F8CA82 /* WhichBG */ = {
			isa = PBXNativeTarget;
			buildConfigurationList = 5AF597AF1B355D0500F8CA82 /* Build configuration list for PBXNativeTarget "WhichBG" */;
			buildPhases = (
				F6507DCAFEFC7696A8FA2A68 /* [CP] Check Pods Manifest.lock */,
				5AF5978F1B355D0500F8CA82 /* Sources */,
				5AF597901B355D0500F8CA82 /* Frameworks */,
				5AF597911B355D0500F8CA82 /* Resources */,
				C548C7F48984B1AD0CABDA64 /* [CP] Embed Pods Frameworks */,
				996EE1EEDDD076C8A94CEF99 /* [CP] Copy Pods Resources */,
			);
			buildRules = (
			);
			dependencies = (
			);
			name = WhichBG;
			productName = WhichBG;
			productReference = 5AF597931B355D0500F8CA82 /* WhichBG.app */;
			productType = "com.apple.product-type.application";
		};
		5AF597A41B355D0500F8CA82 /* WhichBGTests */ = {
			isa = PBXNativeTarget;
			buildConfigurationList = 5AF597B21B355D0500F8CA82 /* Build configuration list for PBXNativeTarget "WhichBGTests" */;
			buildPhases = (
				0CAAE5673D6B20ABED63C392 /* [CP] Check Pods Manifest.lock */,
				5AF597A11B355D0500F8CA82 /* Sources */,
				5AF597A21B355D0500F8CA82 /* Frameworks */,
				5AF597A31B355D0500F8CA82 /* Resources */,
				90EE57054C8BA106D2064DB3 /* [CP] Embed Pods Frameworks */,
				93630E558E6E47BE0F9D0DF9 /* [CP] Copy Pods Resources */,
			);
			buildRules = (
			);
			dependencies = (
				5AF597A71B355D0500F8CA82 /* PBXTargetDependency */,
			);
			name = WhichBGTests;
			productName = WhichBGTests;
			productReference = 5AF597A51B355D0500F8CA82 /* WhichBGTests.xctest */;
			productType = "com.apple.product-type.bundle.unit-test";
		};
/* End PBXNativeTarget section */

/* Begin PBXProject section */
		5AF5978B1B355D0500F8CA82 /* Project object */ = {
			isa = PBXProject;
			attributes = {
				LastSwiftMigration = 0720;
				LastSwiftUpdateCheck = 0720;
				LastUpgradeCheck = 0720;
				ORGANIZATIONNAME = "Utkarsh Upadhyay";
				TargetAttributes = {
					5AF597921B355D0500F8CA82 = {
						CreatedOnToolsVersion = 6.3.1;
						LastSwiftMigration = 0820;
					};
					5AF597A41B355D0500F8CA82 = {
						CreatedOnToolsVersion = 6.3.1;
						LastSwiftMigration = 0820;
						TestTargetID = 5AF597921B355D0500F8CA82;
					};
				};
			};
			buildConfigurationList = 5AF5978E1B355D0500F8CA82 /* Build configuration list for PBXProject "WhichBG" */;
			compatibilityVersion = "Xcode 3.2";
			developmentRegion = English;
			hasScannedForEncodings = 0;
			knownRegions = (
				en,
				Base,
			);
			mainGroup = 5AF5978A1B355D0500F8CA82;
			productRefGroup = 5AF597941B355D0500F8CA82 /* Products */;
			projectDirPath = "";
			projectRoot = "";
			targets = (
				5AF597921B355D0500F8CA82 /* WhichBG */,
				5AF597A41B355D0500F8CA82 /* WhichBGTests */,
			);
		};
/* End PBXProject section */

/* Begin PBXResourcesBuildPhase section */
		5AF597911B355D0500F8CA82 /* Resources */ = {
			isa = PBXResourcesBuildPhase;
			buildActionMask = 2147483647;
			files = (
				5A31B66D1B6ED08600FBDF47 /* DesktopPictureViewController.xib in Resources */,
				5AF5979D1B355D0500F8CA82 /* Images.xcassets in Resources */,
			);
			runOnlyForDeploymentPostprocessing = 0;
		};
		5AF597A31B355D0500F8CA82 /* Resources */ = {
			isa = PBXResourcesBuildPhase;
			buildActionMask = 2147483647;
			files = (
			);
			runOnlyForDeploymentPostprocessing = 0;
		};
/* End PBXResourcesBuildPhase section */

/* Begin PBXShellScriptBuildPhase section */
		0CAAE5673D6B20ABED63C392 /* [CP] Check Pods Manifest.lock */ = {
			isa = PBXShellScriptBuildPhase;
			buildActionMask = 2147483647;
			files = (
			);
			inputPaths = (
			);
			name = "[CP] Check Pods Manifest.lock";
			outputPaths = (
			);
			runOnlyForDeploymentPostprocessing = 0;
			shellPath = /bin/sh;
			shellScript = "diff \"${PODS_ROOT}/../Podfile.lock\" \"${PODS_ROOT}/Manifest.lock\" > /dev/null\nif [ $? != 0 ] ; then\n    # print error to STDERR\n    echo \"error: The sandbox is not in sync with the Podfile.lock. Run 'pod install' or update your CocoaPods installation.\" >&2\n    exit 1\nfi\n";
			showEnvVarsInLog = 0;
		};
		90EE57054C8BA106D2064DB3 /* [CP] Embed Pods Frameworks */ = {
			isa = PBXShellScriptBuildPhase;
			buildActionMask = 2147483647;
			files = (
			);
			inputPaths = (
			);
			name = "[CP] Embed Pods Frameworks";
			outputPaths = (
			);
			runOnlyForDeploymentPostprocessing = 0;
			shellPath = /bin/sh;
			shellScript = "\"${SRCROOT}/Pods/Target Support Files/Pods-WhichBGTests/Pods-WhichBGTests-frameworks.sh\"\n";
			showEnvVarsInLog = 0;
		};
		93630E558E6E47BE0F9D0DF9 /* [CP] Copy Pods Resources */ = {
			isa = PBXShellScriptBuildPhase;
			buildActionMask = 2147483647;
			files = (
			);
			inputPaths = (
			);
			name = "[CP] Copy Pods Resources";
			outputPaths = (
			);
			runOnlyForDeploymentPostprocessing = 0;
			shellPath = /bin/sh;
			shellScript = "\"${SRCROOT}/Pods/Target Support Files/Pods-WhichBGTests/Pods-WhichBGTests-resources.sh\"\n";
			showEnvVarsInLog = 0;
		};
		996EE1EEDDD076C8A94CEF99 /* [CP] Copy Pods Resources */ = {
			isa = PBXShellScriptBuildPhase;
			buildActionMask = 2147483647;
			files = (
			);
			inputPaths = (
			);
			name = "[CP] Copy Pods Resources";
			outputPaths = (
			);
			runOnlyForDeploymentPostprocessing = 0;
			shellPath = /bin/sh;
			shellScript = "\"${SRCROOT}/Pods/Target Support Files/Pods-WhichBG/Pods-WhichBG-resources.sh\"\n";
			showEnvVarsInLog = 0;
		};
		C548C7F48984B1AD0CABDA64 /* [CP] Embed Pods Frameworks */ = {
			isa = PBXShellScriptBuildPhase;
			buildActionMask = 2147483647;
			files = (
			);
			inputPaths = (
			);
			name = "[CP] Embed Pods Frameworks";
			outputPaths = (
			);
			runOnlyForDeploymentPostprocessing = 0;
			shellPath = /bin/sh;
			shellScript = "\"${SRCROOT}/Pods/Target Support Files/Pods-WhichBG/Pods-WhichBG-frameworks.sh\"\n";
			showEnvVarsInLog = 0;
		};
		F6507DCAFEFC7696A8FA2A68 /* [CP] Check Pods Manifest.lock */ = {
			isa = PBXShellScriptBuildPhase;
			buildActionMask = 2147483647;
			files = (
			);
			inputPaths = (
			);
			name = "[CP] Check Pods Manifest.lock";
			outputPaths = (
			);
			runOnlyForDeploymentPostprocessing = 0;
			shellPath = /bin/sh;
			shellScript = "diff \"${PODS_ROOT}/../Podfile.lock\" \"${PODS_ROOT}/Manifest.lock\" > /dev/null\nif [ $? != 0 ] ; then\n    # print error to STDERR\n    echo \"error: The sandbox is not in sync with the Podfile.lock. Run 'pod install' or update your CocoaPods installation.\" >&2\n    exit 1\nfi\n";
			showEnvVarsInLog = 0;
		};
/* End PBXShellScriptBuildPhase section */

/* Begin PBXSourcesBuildPhase section */
		5AF5978F1B355D0500F8CA82 /* Sources */ = {
			isa = PBXSourcesBuildPhase;
			buildActionMask = 2147483647;
			files = (
				5A31B6691B6EB3EF00FBDF47 /* Core.swift in Sources */,
				5A31B66F1B71679400FBDF47 /* GlobalEventMonitor.swift in Sources */,
				5AF597B81B35745200F8CA82 /* main.swift in Sources */,
				5A31B66C1B6ED08600FBDF47 /* DesktopPictureViewController.swift in Sources */,
				5AF597991B355D0500F8CA82 /* AppDelegate.swift in Sources */,
			);
			runOnlyForDeploymentPostprocessing = 0;
		};
		5AF597A11B355D0500F8CA82 /* Sources */ = {
			isa = PBXSourcesBuildPhase;
			buildActionMask = 2147483647;
			files = (
				5AF597AC1B355D0500F8CA82 /* WhichBGTests.swift in Sources */,
			);
			runOnlyForDeploymentPostprocessing = 0;
		};
/* End PBXSourcesBuildPhase section */

/* Begin PBXTargetDependency section */
		5AF597A71B355D0500F8CA82 /* PBXTargetDependency */ = {
			isa = PBXTargetDependency;
			target = 5AF597921B355D0500F8CA82 /* WhichBG */;
			targetProxy = 5AF597A61B355D0500F8CA82 /* PBXContainerItemProxy */;
		};
/* End PBXTargetDependency section */

/* Begin XCBuildConfiguration section */
		5AF597AD1B355D0500F8CA82 /* Debug */ = {
			isa = XCBuildConfiguration;
			buildSettings = {
				ALWAYS_SEARCH_USER_PATHS = NO;
				CLANG_CXX_LANGUAGE_STANDARD = "gnu++0x";
				CLANG_CXX_LIBRARY = "libc++";
				CLANG_ENABLE_MODULES = YES;
				CLANG_ENABLE_OBJC_ARC = YES;
				CLANG_WARN_BOOL_CONVERSION = YES;
				CLANG_WARN_CONSTANT_CONVERSION = YES;
				CLANG_WARN_DIRECT_OBJC_ISA_USAGE = YES_ERROR;
				CLANG_WARN_EMPTY_BODY = YES;
				CLANG_WARN_ENUM_CONVERSION = YES;
				CLANG_WARN_INT_CONVERSION = YES;
				CLANG_WARN_OBJC_ROOT_CLASS = YES_ERROR;
				CLANG_WARN_UNREACHABLE_CODE = YES;
				CLANG_WARN__DUPLICATE_METHOD_MATCH = YES;
				CODE_SIGN_IDENTITY = "-";
				COPY_PHASE_STRIP = NO;
				DEBUG_INFORMATION_FORMAT = dwarf;
				ENABLE_STRICT_OBJC_MSGSEND = YES;
				ENABLE_TESTABILITY = YES;
				GCC_C_LANGUAGE_STANDARD = gnu99;
				GCC_DYNAMIC_NO_PIC = NO;
				GCC_NO_COMMON_BLOCKS = YES;
				GCC_OPTIMIZATION_LEVEL = 0;
				GCC_PREPROCESSOR_DEFINITIONS = (
					"DEBUG=1",
					"$(inherited)",
				);
				GCC_SYMBOLS_PRIVATE_EXTERN = NO;
				GCC_WARN_64_TO_32_BIT_CONVERSION = YES;
				GCC_WARN_ABOUT_RETURN_TYPE = YES_ERROR;
				GCC_WARN_UNDECLARED_SELECTOR = YES;
				GCC_WARN_UNINITIALIZED_AUTOS = YES_AGGRESSIVE;
				GCC_WARN_UNUSED_FUNCTION = YES;
				GCC_WARN_UNUSED_VARIABLE = YES;
				MACOSX_DEPLOYMENT_TARGET = 10.10;
				MTL_ENABLE_DEBUG_INFO = YES;
				ONLY_ACTIVE_ARCH = YES;
				SDKROOT = macosx;
				SWIFT_OPTIMIZATION_LEVEL = "-Onone";
			};
			name = Debug;
		};
		5AF597AE1B355D0500F8CA82 /* Release */ = {
			isa = XCBuildConfiguration;
			buildSettings = {
				ALWAYS_SEARCH_USER_PATHS = NO;
				CLANG_CXX_LANGUAGE_STANDARD = "gnu++0x";
				CLANG_CXX_LIBRARY = "libc++";
				CLANG_ENABLE_MODULES = YES;
				CLANG_ENABLE_OBJC_ARC = YES;
				CLANG_WARN_BOOL_CONVERSION = YES;
				CLANG_WARN_CONSTANT_CONVERSION = YES;
				CLANG_WARN_DIRECT_OBJC_ISA_USAGE = YES_ERROR;
				CLANG_WARN_EMPTY_BODY = YES;
				CLANG_WARN_ENUM_CONVERSION = YES;
				CLANG_WARN_INT_CONVERSION = YES;
				CLANG_WARN_OBJC_ROOT_CLASS = YES_ERROR;
				CLANG_WARN_UNREACHABLE_CODE = YES;
				CLANG_WARN__DUPLICATE_METHOD_MATCH = YES;
				CODE_SIGN_IDENTITY = "-";
				COPY_PHASE_STRIP = NO;
				DEBUG_INFORMATION_FORMAT = "dwarf-with-dsym";
				ENABLE_NS_ASSERTIONS = NO;
				ENABLE_STRICT_OBJC_MSGSEND = YES;
				GCC_C_LANGUAGE_STANDARD = gnu99;
				GCC_NO_COMMON_BLOCKS = YES;
				GCC_WARN_64_TO_32_BIT_CONVERSION = YES;
				GCC_WARN_ABOUT_RETURN_TYPE = YES_ERROR;
				GCC_WARN_UNDECLARED_SELECTOR = YES;
				GCC_WARN_UNINITIALIZED_AUTOS = YES_AGGRESSIVE;
				GCC_WARN_UNUSED_FUNCTION = YES;
				GCC_WARN_UNUSED_VARIABLE = YES;
				MACOSX_DEPLOYMENT_TARGET = 10.10;
				MTL_ENABLE_DEBUG_INFO = NO;
				SDKROOT = macosx;
			};
			name = Release;
		};
		5AF597B01B355D0500F8CA82 /* Debug */ = {
			isa = XCBuildConfiguration;
			baseConfigurationReference = 61C94A620C9ABB502E6FA181 /* Pods-WhichBG.debug.xcconfig */;
			buildSettings = {
				ASSETCATALOG_COMPILER_APPICON_NAME = AppIcon;
				COMBINE_HIDPI_IMAGES = YES;
				INFOPLIST_FILE = WhichBG/Info.plist;
				LD_RUNPATH_SEARCH_PATHS = "$(inherited) @executable_path/../Frameworks";
				PRODUCT_BUNDLE_IDENTIFIER = "musically-ut.$(PRODUCT_NAME:rfc1034identifier)";
				PRODUCT_NAME = "$(TARGET_NAME)";
				SWIFT_VERSION = 3.0;
			};
			name = Debug;
		};
		5AF597B11B355D0500F8CA82 /* Release */ = {
			isa = XCBuildConfiguration;
			baseConfigurationReference = 2A97B5333C8353676B363A14 /* Pods-WhichBG.release.xcconfig */;
			buildSettings = {
				ASSETCATALOG_COMPILER_APPICON_NAME = AppIcon;
				COMBINE_HIDPI_IMAGES = YES;
				INFOPLIST_FILE = WhichBG/Info.plist;
				LD_RUNPATH_SEARCH_PATHS = "$(inherited) @executable_path/../Frameworks";
				PRODUCT_BUNDLE_IDENTIFIER = "musically-ut.$(PRODUCT_NAME:rfc1034identifier)";
				PRODUCT_NAME = "$(TARGET_NAME)";
				SWIFT_VERSION = 3.0;
			};
			name = Release;
		};
		5AF597B31B355D0500F8CA82 /* Debug */ = {
			isa = XCBuildConfiguration;
			baseConfigurationReference = D888DCDE61AE00C355B22BE6 /* Pods-WhichBGTests.debug.xcconfig */;
			buildSettings = {
				BUNDLE_LOADER = "$(TEST_HOST)";
				COMBINE_HIDPI_IMAGES = YES;
				FRAMEWORK_SEARCH_PATHS = (
					"$(DEVELOPER_FRAMEWORKS_DIR)",
					"$(inherited)",
				);
				GCC_PREPROCESSOR_DEFINITIONS = (
					"DEBUG=1",
					"$(inherited)",
				);
				INFOPLIST_FILE = WhichBGTests/Info.plist;
				LD_RUNPATH_SEARCH_PATHS = "$(inherited) @executable_path/../Frameworks @loader_path/../Frameworks";
				PRODUCT_BUNDLE_IDENTIFIER = "musically-ut.$(PRODUCT_NAME:rfc1034identifier)";
				PRODUCT_NAME = "$(TARGET_NAME)";
				SWIFT_VERSION = 3.0;
				TEST_HOST = "$(BUILT_PRODUCTS_DIR)/WhichBG.app/Contents/MacOS/WhichBG";
			};
			name = Debug;
		};
		5AF597B41B355D0500F8CA82 /* Release */ = {
			isa = XCBuildConfiguration;
			baseConfigurationReference = 201B6576E66F391257D43465 /* Pods-WhichBGTests.release.xcconfig */;
			buildSettings = {
				BUNDLE_LOADER = "$(TEST_HOST)";
				COMBINE_HIDPI_IMAGES = YES;
				FRAMEWORK_SEARCH_PATHS = (
					"$(DEVELOPER_FRAMEWORKS_DIR)",
					"$(inherited)",
				);
				INFOPLIST_FILE = WhichBGTests/Info.plist;
				LD_RUNPATH_SEARCH_PATHS = "$(inherited) @executable_path/../Frameworks @loader_path/../Frameworks";
				PRODUCT_BUNDLE_IDENTIFIER = "musically-ut.$(PRODUCT_NAME:rfc1034identifier)";
				PRODUCT_NAME = "$(TARGET_NAME)";
				SWIFT_VERSION = 3.0;
				TEST_HOST = "$(BUILT_PRODUCTS_DIR)/WhichBG.app/Contents/MacOS/WhichBG";
			};
			name = Release;
		};
/* End XCBuildConfiguration section */

/* Begin XCConfigurationList section */
		5AF5978E1B355D0500F8CA82 /* Build configuration list for PBXProject "WhichBG" */ = {
			isa = XCConfigurationList;
			buildConfigurations = (
				5AF597AD1B355D0500F8CA82 /* Debug */,
				5AF597AE1B355D0500F8CA82 /* Release */,
			);
			defaultConfigurationIsVisible = 0;
			defaultConfigurationName = Release;
		};
		5AF597AF1B355D0500F8CA82 /* Build configuration list for PBXNativeTarget "WhichBG" */ = {
			isa = XCConfigurationList;
			buildConfigurations = (
				5AF597B01B355D0500F8CA82 /* Debug */,
				5AF597B11B355D0500F8CA82 /* Release */,
			);
			defaultConfigurationIsVisible = 0;
			defaultConfigurationName = Release;
		};
		5AF597B21B355D0500F8CA82 /* Build configuration list for PBXNativeTarget "WhichBGTests" */ = {
			isa = XCConfigurationList;
			buildConfigurations = (
				5AF597B31B355D0500F8CA82 /* Debug */,
				5AF597B41B355D0500F8CA82 /* Release */,
			);
			defaultConfigurationIsVisible = 0;
			defaultConfigurationName = Release;
		};
/* End XCConfigurationList section */
	};
	rootObject = 5AF5978B1B355D0500F8CA82 /* Project object */;
}
